{
  "name": "ipfs-race",
  "version": "0.1.0",
  "lockfileVersion": 3,
  "requires": true,
  "packages": {
    "": {
      "name": "ipfs-race",
      "version": "0.1.0",
      "license": "UNLICENSED",
      "dependencies": {
        "is-ipfs": "^7.0.3"
      },
      "devDependencies": {
        "typescript": "^4.9.3"
      }
    },
    "node_modules/@chainsafe/is-ip": {
      "version": "2.0.1",
      "resolved": "https://registry.npmjs.org/@chainsafe/is-ip/-/is-ip-2.0.1.tgz",
      "integrity": "sha512-nqSJ8u2a1Rv9FYbyI8qpDhTYujaKEyLknNrTejLYoSWmdeg+2WB7R6BZqPZYfrJzDxVi3rl6ZQuoaEvpKRZWgQ=="
    },
    "node_modules/@multiformats/mafmt": {
      "version": "11.0.3",
      "resolved": "https://registry.npmjs.org/@multiformats/mafmt/-/mafmt-11.0.3.tgz",
      "integrity": "sha512-DvCQeZJgaC4kE3BLqMuW3gQkNAW14Z7I+yMt30Ze+wkfHkWSp+bICcHGihhtgfzYCumHA/vHlJ9n54mrCcmnvQ==",
      "dependencies": {
        "@multiformats/multiaddr": "^11.0.0"
      },
      "engines": {
        "node": ">=16.0.0",
        "npm": ">=7.0.0"
      }
    },
    "node_modules/@multiformats/multiaddr": {
      "version": "11.0.7",
      "resolved": "https://registry.npmjs.org/@multiformats/multiaddr/-/multiaddr-11.0.7.tgz",
      "integrity": "sha512-rCqYS3Qz/dm4H/1Lvda11OBZf1tH8rst69GWK9jDy8AY+3n+NBBdErA/SRtdcRx6hPtQ8lAB5UhHlzIVbViv1Q==",
      "dependencies": {
        "@chainsafe/is-ip": "^2.0.1",
        "dns-over-http-resolver": "^2.1.0",
        "err-code": "^3.0.1",
        "multiformats": "^10.0.0",
        "uint8arrays": "^4.0.2",
        "varint": "^6.0.0"
      },
      "engines": {
        "node": ">=16.0.0",
        "npm": ">=7.0.0"
      }
    },
    "node_modules/busboy": {
      "version": "1.6.0",
      "resolved": "https://registry.npmjs.org/busboy/-/busboy-1.6.0.tgz",
      "integrity": "sha512-8SFQbg/0hQ9xy3UNTB0YEnsNBbWfhf7RtnzpL7TkBiTBRfrQ9Fxcnz7VJsleJpyp6rVLvXiuORqjlHi5q+PYuA==",
      "peer": true,
      "dependencies": {
        "streamsearch": "^1.1.0"
      },
      "engines": {
        "node": ">=10.16.0"
      }
    },
    "node_modules/debug": {
      "version": "4.3.4",
      "resolved": "https://registry.npmjs.org/debug/-/debug-4.3.4.tgz",
      "integrity": "sha512-PRWFHuSU3eDtQJPvnNY7Jcket1j0t5OuOsFzPPzsekD52Zl8qUfFIPEiswXqIvHWGVHOgX+7G/vCNNhehwxfkQ==",
      "dependencies": {
        "ms": "2.1.2"
      },
      "engines": {
        "node": ">=6.0"
      },
      "peerDependenciesMeta": {
        "supports-color": {
          "optional": true
        }
      }
    },
    "node_modules/dns-over-http-resolver": {
      "version": "2.1.0",
      "resolved": "https://registry.npmjs.org/dns-over-http-resolver/-/dns-over-http-resolver-2.1.0.tgz",
      "integrity": "sha512-eb8RGy6k54JdD7Rjw8g65y1MyA4z3m3IIYh7uazkgZuKIdFn8gYt8dydMm3op+2UshDdk9EexrXcDluKNY/CDg==",
      "dependencies": {
        "debug": "^4.3.1",
        "native-fetch": "^4.0.2",
        "receptacle": "^1.3.2"
      },
      "engines": {
        "node": ">=16.0.0",
        "npm": ">=7.0.0"
      }
    },
    "node_modules/err-code": {
      "version": "3.0.1",
      "resolved": "https://registry.npmjs.org/err-code/-/err-code-3.0.1.tgz",
      "integrity": "sha512-GiaH0KJUewYok+eeY05IIgjtAe4Yltygk9Wqp1V5yVWLdhf0hYZchRjNIT9bb0mSwRcIusT3cx7PJUf3zEIfUA=="
    },
    "node_modules/is-ipfs": {
      "version": "7.0.3",
      "resolved": "https://registry.npmjs.org/is-ipfs/-/is-ipfs-7.0.3.tgz",
      "integrity": "sha512-IwjmN5DYrWQgk75dPX9WOFDbGpStJg6SLMLXXlxwpI3/SnwAIz3PwrdnxB+s2k+RjOTn9ueFIbGWxF2VMUYmLQ==",
      "dependencies": {
        "@multiformats/mafmt": "^11.0.3",
        "@multiformats/multiaddr": "^11.0.0",
        "iso-url": "^1.1.3",
        "multiformats": "^10.0.1",
        "uint8arrays": "^4.0.2"
      },
      "engines": {
        "node": ">=16.0.0",
        "npm": ">=7.0.0"
      }
    },
    "node_modules/iso-url": {
      "version": "1.2.1",
      "resolved": "https://registry.npmjs.org/iso-url/-/iso-url-1.2.1.tgz",
      "integrity": "sha512-9JPDgCN4B7QPkLtYAAOrEuAWvP9rWvR5offAr0/SeF046wIkglqH3VXgYYP6NcsKslH80UIVgmPqNe3j7tG2ng==",
      "engines": {
        "node": ">=12"
      }
    },
    "node_modules/ms": {
      "version": "2.1.2",
      "resolved": "https://registry.npmjs.org/ms/-/ms-2.1.2.tgz",
      "integrity": "sha512-sGkPx+VjMtmA6MX27oA4FBFELFCZZ4S4XqeGOXCv68tT+jb3vk/RyaKWP0PTKyWtmLSM0b+adUTEvbs1PEaH2w=="
    },
    "node_modules/multiformats": {
      "version": "10.0.2",
      "resolved": "https://registry.npmjs.org/multiformats/-/multiformats-10.0.2.tgz",
      "integrity": "sha512-nJEHLFOYhO4L+aNApHhCnWqa31FyqAHv9Q77AhmwU3KsM2f1j7tuJpCk5ByZ33smzycNCpSG5klNIejIyfFx2A==",
      "engines": {
        "node": ">=16.0.0",
        "npm": ">=7.0.0"
      }
    },
    "node_modules/native-fetch": {
      "version": "4.0.2",
      "resolved": "https://registry.npmjs.org/native-fetch/-/native-fetch-4.0.2.tgz",
      "integrity": "sha512-4QcVlKFtv2EYVS5MBgsGX5+NWKtbDbIECdUXDBGDMAZXq3Jkv9zf+y8iS7Ub8fEdga3GpYeazp9gauNqXHJOCg==",
      "peerDependencies": {
        "undici": "*"
      }
    },
    "node_modules/receptacle": {
      "version": "1.3.2",
      "resolved": "https://registry.npmjs.org/receptacle/-/receptacle-1.3.2.tgz",
      "integrity": "sha512-HrsFvqZZheusncQRiEE7GatOAETrARKV/lnfYicIm8lbvp/JQOdADOfhjBd2DajvoszEyxSM6RlAAIZgEoeu/A==",
      "dependencies": {
        "ms": "^2.1.1"
      }
    },
    "node_modules/streamsearch": {
      "version": "1.1.0",
      "resolved": "https://registry.npmjs.org/streamsearch/-/streamsearch-1.1.0.tgz",
      "integrity": "sha512-Mcc5wHehp9aXz1ax6bZUyY5afg9u2rv5cqQI3mRrYkGC8rW2hM02jWuwjtL++LS5qinSyhj2QfLyNsuc+VsExg==",
      "peer": true,
      "engines": {
        "node": ">=10.0.0"
      }
    },
    "node_modules/typescript": {
      "version": "4.9.3",
      "resolved": "https://registry.npmjs.org/typescript/-/typescript-4.9.3.tgz",
      "integrity": "sha512-CIfGzTelbKNEnLpLdGFgdyKhG23CKdKgQPOBc+OUNrkJ2vr+KSzsSV5kq5iWhEQbok+quxgGzrAtGWCyU7tHnA==",
      "dev": true,
      "bin": {
        "tsc": "bin/tsc",
        "tsserver": "bin/tsserver"
      },
      "engines": {
        "node": ">=4.2.0"
      }
    },
    "node_modules/uint8arrays": {
      "version": "4.0.2",
      "resolved": "https://registry.npmjs.org/uint8arrays/-/uint8arrays-4.0.2.tgz",
      "integrity": "sha512-8CWXXZdOvVrIL4SeY/Gnp+idxxiGK4XFkP4FY26Sx/fpTz/b6vv4BVWELMDzQweSyyhdcuAcU14H6izzB6k1Cw==",
      "dependencies": {
        "multiformats": "^10.0.0"
      },
      "engines": {
        "node": ">=16.0.0",
        "npm": ">=7.0.0"
      }
    },
    "node_modules/undici": {
      "version": "5.12.0",
      "resolved": "https://registry.npmjs.org/undici/-/undici-5.12.0.tgz",
      "integrity": "sha512-zMLamCG62PGjd9HHMpo05bSLvvwWOZgGeiWlN/vlqu3+lRo3elxktVGEyLMX+IO7c2eflLjcW74AlkhEZm15mg==",
      "peer": true,
      "dependencies": {
        "busboy": "^1.6.0"
      },
      "engines": {
        "node": ">=12.18"
      }
    },
    "node_modules/varint": {
      "version": "6.0.0",
      "resolved": "https://registry.npmjs.org/varint/-/varint-6.0.0.tgz",
      "integrity": "sha512-cXEIW6cfr15lFv563k4GuVuW/fiwjknytD37jIOLSdSWuOI6WnO/oKwmP2FQTU2l01LP8/M5TSAJpzUaGe3uWg=="
    }
  }
}
